
Microsoft Visual Studio Solution File, Format Version 12.00
# Visual Studio 15
VisualStudioVersion = 15.0.27130.2036
MinimumVisualStudioVersion = 10.0.40219.1
Project("{FAE04EC0-301F-11D3-BF4B-00C04F79EFBC}") = "Veriones", "Veriones\Veriones.csproj", "{C31AC32E-AEAF-4CB5-85ED-394A63174DB6}"
EndProject
Global
	GlobalSection(SolutionConfigurationPlatforms) = preSolution
		Debug|Any CPU = Debug|Any CPU
		Release|Any CPU = Release|Any CPU
	EndGlobalSection
	GlobalSection(ProjectConfigurationPlatforms) = postSolution
		{C31AC32E-AEAF-4CB5-85ED-394A63174DB6}.Debug|Any CPU.ActiveCfg = Debug|Any CPU
		{C31AC32E-AEAF-4CB5-85ED-394A63174DB6}.Debug|Any CPU.Build.0 = Debug|Any CPU
		{C31AC32E-AEAF-4CB5-85ED-394A63174DB6}.Release|Any CPU.ActiveCfg = Release|Any CPU
		{C31AC32E-AEAF-4CB5-85ED-394A63174DB6}.Release|Any CPU.Build.0 = Release|Any CPU
	EndGlobalSection
	GlobalSection(SolutionProperties) = preSolution
		HideSolutionNode = FALSE
	EndGlobalSection
	GlobalSection(ExtensibilityGlobals) = postSolution
		SolutionGuid = {4A66435E-E889-484C-B7D4-A80EE7918DCE}
	EndGlobalSection
EndGlobal
